<?xml version="1.0" encoding="utf-8"?>
<Project ToolsVersion="4.0" xmlns="http://schemas.microsoft.com/developer/msbuild/2003">
  <ItemGroup>
    <ClInclude Include="include\FormattingUtilities.h">
      <Filter>include</Filter>
    </ClInclude>
    <ClInclude Include="include\ScanImager.h">
      <Filter>include</Filter>
    </ClInclude>
    <ClInclude Include="include\ScanFormatter.h">
      <Filter>include</Filter>
    </ClInclude>
    <ClInclude Include="include\ScanTabler.h">
      <Filter>include</Filter>
    </ClInclude>
    <ClInclude Include="include\lodepng.h">
      <Filter>include</Filter>
    </ClInclude>
  </ItemGroup>
  <ItemGroup>
    <ClCompile Include="src\FormattingUtilities.cpp">
      <Filter>src</Filter>
    </ClCompile>
    <ClCompile Include="src\COGSConverter.cpp">
      <Filter>src</Filter>
    </ClCompile>
    <ClCompile Include="src\ScanFormatter.cpp">
      <Filter>src</Filter>
    </ClCompile>
    <ClCompile Include="src\ScanImager.cpp">
      <Filter>src</Filter>
    </ClCompile>
    <ClCompile Include="src\lodepng.cpp">
      <Filter>src</Filter>
    </ClCompile>
  </ItemGroup>
  <ItemGroup>
    <Filter Include="src">
      <UniqueIdentifier>{526fad5b-0884-4b33-bada-efbbd3ca16b5}</UniqueIdentifier>
    </Filter>
    <Filter Include="include">
      <UniqueIdentifier>{4ea0d331-10ff-403b-83da-688d864afe96}</UniqueIdentifier>
    </Filter>
  </ItemGroup>
</Project>